// !$*UTF8*$!
{
	archiveVersion = 1;
	classes = {
	};
	objectVersion = 50;
	objects = {

/* Begin PBXBuildFile section */
		289E7B4726637A2A00CE3F70 /* AppDelegate.swift in Sources */ = {isa = PBXBuildFile; fileRef = 289E7B4626637A2A00CE3F70 /* AppDelegate.swift */; };
		289E7B4926637A2A00CE3F70 /* SceneDelegate.swift in Sources */ = {isa = PBXBuildFile; fileRef = 289E7B4826637A2A00CE3F70 /* SceneDelegate.swift */; };
		289E7B4B26637A2A00CE3F70 /* ViewController.swift in Sources */ = {isa = PBXBuildFile; fileRef = 289E7B4A26637A2A00CE3F70 /* ViewController.swift */; };
		289E7B4E26637A2A00CE3F70 /* Main.storyboard in Resources */ = {isa = PBXBuildFile; fileRef = 289E7B4C26637A2A00CE3F70 /* Main.storyboard */; };
		289E7B5026637A2B00CE3F70 /* Assets.xcassets in Resources */ = {isa = PBXBuildFile; fileRef = 289E7B4F26637A2B00CE3F70 /* Assets.xcassets */; };
		289E7B5326637A2B00CE3F70 /* LaunchScreen.storyboard in Resources */ = {isa = PBXBuildFile; fileRef = 289E7B5126637A2B00CE3F70 /* LaunchScreen.storyboard */; };
		289E7B5B26649C5B00CE3F70 /* CurrentWeatherData.swift in Sources */ = {isa = PBXBuildFile; fileRef = 289E7B5A26649C5B00CE3F70 /* CurrentWeatherData.swift */; };
		289E7B5F26688A3D00CE3F70 /* NetworkWeatherManager.swift in Sources */ = {isa = PBXBuildFile; fileRef = 289E7B5E26688A3D00CE3F70 /* NetworkWeatherManager.swift */; };
		289E7B6126688BD400CE3F70 /* Constants.swift in Sources */ = {isa = PBXBuildFile; fileRef = 289E7B6026688BD400CE3F70 /* Constants.swift */; };
		28CDCEBD266CDC490092D172 /* AlertController.swift in Sources */ = {isa = PBXBuildFile; fileRef = 28CDCEBC266CDC490092D172 /* AlertController.swift */; };
		28CDCEC0266D0E190092D172 /* CurrentWeather.swift in Sources */ = {isa = PBXBuildFile; fileRef = 28CDCEBF266D0E190092D172 /* CurrentWeather.swift */; };
/* End PBXBuildFile section */

/* Begin PBXFileReference section */
		289E7B4326637A2A00CE3F70 /* WeatherApp.app */ = {isa = PBXFileReference; explicitFileType = wrapper.application; includeInIndex = 0; path = WeatherApp.app; sourceTree = BUILT_PRODUCTS_DIR; };
		289E7B4626637A2A00CE3F70 /* AppDelegate.swift */ = {isa = PBXFileReference; lastKnownFileType = sourcecode.swift; path = AppDelegate.swift; sourceTree = "<group>"; };
		289E7B4826637A2A00CE3F70 /* SceneDelegate.swift */ = {isa = PBXFileReference; lastKnownFileType = sourcecode.swift; path = SceneDelegate.swift; sourceTree = "<group>"; };
		289E7B4A26637A2A00CE3F70 /* ViewController.swift */ = {isa = PBXFileReference; lastKnownFileType = sourcecode.swift; path = ViewController.swift; sourceTree = "<group>"; };
		289E7B4D26637A2A00CE3F70 /* Base */ = {isa = PBXFileReference; lastKnownFileType = file.storyboard; name = Base; path = Base.lproj/Main.storyboard; sourceTree = "<group>"; };
		289E7B4F26637A2B00CE3F70 /* Assets.xcassets */ = {isa = PBXFileReference; lastKnownFileType = folder.assetcatalog; path = Assets.xcassets; sourceTree = "<group>"; };
		289E7B5226637A2B00CE3F70 /* Base */ = {isa = PBXFileReference; lastKnownFileType = file.storyboard; name = Base; path = Base.lproj/LaunchScreen.storyboard; sourceTree = "<group>"; };
		289E7B5426637A2B00CE3F70 /* Info.plist */ = {isa = PBXFileReference; lastKnownFileType = text.plist.xml; path = Info.plist; sourceTree = "<group>"; };
		289E7B5A26649C5B00CE3F70 /* CurrentWeatherData.swift */ = {isa = PBXFileReference; lastKnownFileType = sourcecode.swift; path = CurrentWeatherData.swift; sourceTree = "<group>"; };
		289E7B5E26688A3D00CE3F70 /* NetworkWeatherManager.swift */ = {isa = PBXFileReference; lastKnownFileType = sourcecode.swift; path = NetworkWeatherManager.swift; sourceTree = "<group>"; };
		289E7B6026688BD400CE3F70 /* Constants.swift */ = {isa = PBXFileReference; lastKnownFileType = sourcecode.swift; path = Constants.swift; sourceTree = "<group>"; };
		28CDCEBC266CDC490092D172 /* AlertController.swift */ = {isa = PBXFileReference; lastKnownFileType = sourcecode.swift; path = AlertController.swift; sourceTree = "<group>"; };
		28CDCEBF266D0E190092D172 /* CurrentWeather.swift */ = {isa = PBXFileReference; lastKnownFileType = sourcecode.swift; path = CurrentWeather.swift; sourceTree = "<group>"; };
/* End PBXFileReference section */

/* Begin PBXFrameworksBuildPhase section */
		289E7B4026637A2A00CE3F70 /* Frameworks */ = {
			isa = PBXFrameworksBuildPhase;
			buildActionMask = 2147483647;
			files = (
			);
			runOnlyForDeploymentPostprocessing = 0;
		};
/* End PBXFrameworksBuildPhase section */

/* Begin PBXGroup section */
		289E7B3A26637A2A00CE3F70 = {
			isa = PBXGroup;
			children = (
				289E7B4526637A2A00CE3F70 /* WeatherApp */,
				289E7B4426637A2A00CE3F70 /* Products */,
			);
			sourceTree = "<group>";
		};
		289E7B4426637A2A00CE3F70 /* Products */ = {
			isa = PBXGroup;
			children = (
				289E7B4326637A2A00CE3F70 /* WeatherApp.app */,
			);
			name = Products;
			sourceTree = "<group>";
		};
		289E7B4526637A2A00CE3F70 /* WeatherApp */ = {
			isa = PBXGroup;
			children = (
				28CDCEBE266CDF780092D172 /* Extensions */,
				289E7B6226688C3000CE3F70 /* Views */,
				289E7B6326688C6300CE3F70 /* Models */,
				289E7B6426688C8300CE3F70 /* ViewControllers */,
				289E7B6526688CA800CE3F70 /* SupportingFiles */,
			);
			path = WeatherApp;
			sourceTree = "<group>";
		};
		289E7B6226688C3000CE3F70 /* Views */ = {
			isa = PBXGroup;
			children = (
				289E7B4C26637A2A00CE3F70 /* Main.storyboard */,
				289E7B5126637A2B00CE3F70 /* LaunchScreen.storyboard */,
			);
			path = Views;
			sourceTree = "<group>";
		};
		289E7B6326688C6300CE3F70 /* Models */ = {
			isa = PBXGroup;
			children = (
				289E7B5A26649C5B00CE3F70 /* CurrentWeatherData.swift */,
				289E7B5E26688A3D00CE3F70 /* NetworkWeatherManager.swift */,
				28CDCEBF266D0E190092D172 /* CurrentWeather.swift */,
			);
			path = Models;
			sourceTree = "<group>";
		};
		289E7B6426688C8300CE3F70 /* ViewControllers */ = {
			isa = PBXGroup;
			children = (
				289E7B4A26637A2A00CE3F70 /* ViewController.swift */,
			);
			path = ViewControllers;
			sourceTree = "<group>";
		};
		289E7B6526688CA800CE3F70 /* SupportingFiles */ = {
			isa = PBXGroup;
			children = (
				289E7B6026688BD400CE3F70 /* Constants.swift */,
				289E7B4826637A2A00CE3F70 /* SceneDelegate.swift */,
				289E7B4626637A2A00CE3F70 /* AppDelegate.swift */,
				289E7B5426637A2B00CE3F70 /* Info.plist */,
				289E7B4F26637A2B00CE3F70 /* Assets.xcassets */,
			);
			path = SupportingFiles;
			sourceTree = "<group>";
		};
		28CDCEBE266CDF780092D172 /* Extensions */ = {
			isa = PBXGroup;
			children = (
				28CDCEBC266CDC490092D172 /* AlertController.swift */,
			);
			path = Extensions;
			sourceTree = "<group>";
		};
/* End PBXGroup section */

/* Begin PBXNativeTarget section */
		289E7B4226637A2A00CE3F70 /* WeatherApp */ = {
			isa = PBXNativeTarget;
			buildConfigurationList = 289E7B5726637A2B00CE3F70 /* Build configuration list for PBXNativeTarget "WeatherApp" */;
			buildPhases = (
				289E7B3F26637A2A00CE3F70 /* Sources */,
				289E7B4026637A2A00CE3F70 /* Frameworks */,
				289E7B4126637A2A00CE3F70 /* Resources */,
			);
			buildRules = (
			);
			dependencies = (
			);
			name = WeatherApp;
			productName = WeatherApp;
			productReference = 289E7B4326637A2A00CE3F70 /* WeatherApp.app */;
			productType = "com.apple.product-type.application";
		};
/* End PBXNativeTarget section */

/* Begin PBXProject section */
		289E7B3B26637A2A00CE3F70 /* Project object */ = {
			isa = PBXProject;
			attributes = {
				LastSwiftUpdateCheck = 1250;
				LastUpgradeCheck = 1250;
				TargetAttributes = {
					289E7B4226637A2A00CE3F70 = {
						CreatedOnToolsVersion = 12.5;
					};
				};
			};
			buildConfigurationList = 289E7B3E26637A2A00CE3F70 /* Build configuration list for PBXProject "WeatherApp" */;
			compatibilityVersion = "Xcode 9.3";
			developmentRegion = en;
			hasScannedForEncodings = 0;
			knownRegions = (
				en,
				Base,
			);
			mainGroup = 289E7B3A26637A2A00CE3F70;
			productRefGroup = 289E7B4426637A2A00CE3F70 /* Products */;
			projectDirPath = "";
			projectRoot = "";
			targets = (
				289E7B4226637A2A00CE3F70 /* WeatherApp */,
			);
		};
/* End PBXProject section */

/* Begin PBXResourcesBuildPhase section */
		289E7B4126637A2A00CE3F70 /* Resources */ = {
			isa = PBXResourcesBuildPhase;
			buildActionMask = 2147483647;
			files = (
				289E7B5326637A2B00CE3F70 /* LaunchScreen.storyboard in Resources */,
				289E7B5026637A2B00CE3F70 /* Assets.xcassets in Resources */,
				289E7B4E26637A2A00CE3F70 /* Main.storyboard in Resources */,
			);
			runOnlyForDeploymentPostprocessing = 0;
		};
/* End PBXResourcesBuildPhase section */

/* Begin PBXSourcesBuildPhase section */
		289E7B3F26637A2A00CE3F70 /* Sources */ = {
			isa = PBXSourcesBuildPhase;
			buildActionMask = 2147483647;
			files = (
				289E7B4B26637A2A00CE3F70 /* ViewController.swift in Sources */,
				289E7B4726637A2A00CE3F70 /* AppDelegate.swift in Sources */,
				28CDCEC0266D0E190092D172 /* CurrentWeather.swift in Sources */,
				289E7B5F26688A3D00CE3F70 /* NetworkWeatherManager.swift in Sources */,
				28CDCEBD266CDC490092D172 /* AlertController.swift in Sources */,
				289E7B6126688BD400CE3F70 /* Constants.swift in Sources */,
				289E7B5B26649C5B00CE3F70 /* CurrentWeatherData.swift in Sources */,
				289E7B4926637A2A00CE3F70 /* SceneDelegate.swift in Sources */,
			);
			runOnlyForDeploymentPostprocessing = 0;
		};
/* End PBXSourcesBuildPhase section */

/* Begin PBXVariantGroup section */
		289E7B4C26637A2A00CE3F70 /* Main.storyboard */ = {
			isa = PBXVariantGroup;
			children = (
				289E7B4D26637A2A00CE3F70 /* Base */,
			);
			name = Main.storyboard;
			sourceTree = "<group>";
		};
		289E7B5126637A2B00CE3F70 /* LaunchScreen.storyboard */ = {
			isa = PBXVariantGroup;
			children = (
				289E7B5226637A2B00CE3F70 /* Base */,
			);
			name = LaunchScreen.storyboard;
			sourceTree = "<group>";
		};
/* End PBXVariantGroup section */

/* Begin XCBuildConfiguration section */
		289E7B5526637A2B00CE3F70 /* Debug */ = {
			isa = XCBuildConfiguration;
			buildSettings = {
				ALWAYS_SEARCH_USER_PATHS = NO;
				CLANG_ANALYZER_NONNULL = YES;
				CLANG_ANALYZER_NUMBER_OBJECT_CONVERSION = YES_AGGRESSIVE;
				CLANG_CXX_LANGUAGE_STANDARD = "gnu++14";
				CLANG_CXX_LIBRARY = "libc++";
				CLANG_ENABLE_MODULES = YES;
				CLANG_ENABLE_OBJC_ARC = YES;
				CLANG_ENABLE_OBJC_WEAK = YES;
				CLANG_WARN_BLOCK_CAPTURE_AUTORELEASING = YES;
				CLANG_WARN_BOOL_CONVERSION = YES;
				CLANG_WARN_COMMA = YES;
				CLANG_WARN_CONSTANT_CONVERSION = YES;
				CLANG_WARN_DEPRECATED_OBJC_IMPLEMENTATIONS = YES;
				CLANG_WARN_DIRECT_OBJC_ISA_USAGE = YES_ERROR;
				CLANG_WARN_DOCUMENTATION_COMMENTS = YES;
				CLANG_WARN_EMPTY_BODY = YES;
				CLANG_WARN_ENUM_CONVERSION = YES;
				CLANG_WARN_INFINITE_RECURSION = YES;
				CLANG_WARN_INT_CONVERSION = YES;
				CLANG_WARN_NON_LITERAL_NULL_CONVERSION = YES;
				CLANG_WARN_OBJC_IMPLICIT_RETAIN_SELF = YES;
				CLANG_WARN_OBJC_LITERAL_CONVERSION = YES;
				CLANG_WARN_OBJC_ROOT_CLASS = YES_ERROR;
				CLANG_WARN_QUOTED_INCLUDE_IN_FRAMEWORK_HEADER = YES;
				CLANG_WARN_RANGE_LOOP_ANALYSIS = YES;
				CLANG_WARN_STRICT_PROTOTYPES = YES;
				CLANG_WARN_SUSPICIOUS_MOVE = YES;
				CLANG_WARN_UNGUARDED_AVAILABILITY = YES_AGGRESSIVE;
				CLANG_WARN_UNREACHABLE_CODE = YES;
				CLANG_WARN__DUPLICATE_METHOD_MATCH = YES;
				COPY_PHASE_STRIP = NO;
				DEBUG_INFORMATION_FORMAT = dwarf;
				ENABLE_STRICT_OBJC_MSGSEND = YES;
				ENABLE_TESTABILITY = YES;
				GCC_C_LANGUAGE_STANDARD = gnu11;
				GCC_DYNAMIC_NO_PIC = NO;
				GCC_NO_COMMON_BLOCKS = YES;
				GCC_OPTIMIZATION_LEVEL = 0;
				GCC_PREPROCESSOR_DEFINITIONS = (
					"DEBUG=1",
					"$(inherited)",
				);
				GCC_WARN_64_TO_32_BIT_CONVERSION = YES;
				GCC_WARN_ABOUT_RETURN_TYPE = YES_ERROR;
				GCC_WARN_UNDECLARED_SELECTOR = YES;
				GCC_WARN_UNINITIALIZED_AUTOS = YES_AGGRESSIVE;
				GCC_WARN_UNUSED_FUNCTION = YES;
				GCC_WARN_UNUSED_VARIABLE = YES;
				IPHONEOS_DEPLOYMENT_TARGET = 14.5;
				MTL_ENABLE_DEBUG_INFO = INCLUDE_SOURCE;
				MTL_FAST_MATH = YES;
				ONLY_ACTIVE_ARCH = YES;
				SDKROOT = iphoneos;
				SWIFT_ACTIVE_COMPILATION_CONDITIONS = DEBUG;
				SWIFT_OPTIMIZATION_LEVEL = "-Onone";
			};
			name = Debug;
		};
		289E7B5626637A2B00CE3F70 /* Release */ = {
			isa = XCBuildConfiguration;
			buildSettings = {
				ALWAYS_SEARCH_USER_PATHS = NO;
				CLANG_ANALYZER_NONNULL = YES;
				CLANG_ANALYZER_NUMBER_OBJECT_CONVERSION = YES_AGGRESSIVE;
				CLANG_CXX_LANGUAGE_STANDARD = "gnu++14";
				CLANG_CXX_LIBRARY = "libc++";
				CLANG_ENABLE_MODULES = YES;
				CLANG_ENABLE_OBJC_ARC = YES;
				CLANG_ENABLE_OBJC_WEAK = YES;
				CLANG_WARN_BLOCK_CAPTURE_AUTORELEASING = YES;
				CLANG_WARN_BOOL_CONVERSION = YES;
				CLANG_WARN_COMMA = YES;
				CLANG_WARN_CONSTANT_CONVERSION = YES;
				CLANG_WARN_DEPRECATED_OBJC_IMPLEMENTATIONS = YES;
				CLANG_WARN_DIRECT_OBJC_ISA_USAGE = YES_ERROR;
				CLANG_WARN_DOCUMENTATION_COMMENTS = YES;
				CLANG_WARN_EMPTY_BODY = YES;
				CLANG_WARN_ENUM_CONVERSION = YES;
				CLANG_WARN_INFINITE_RECURSION = YES;
				CLANG_WARN_INT_CONVERSION = YES;
				CLANG_WARN_NON_LITERAL_NULL_CONVERSION = YES;
				CLANG_WARN_OBJC_IMPLICIT_RETAIN_SELF = YES;
				CLANG_WARN_OBJC_LITERAL_CONVERSION = YES;
				CLANG_WARN_OBJC_ROOT_CLASS = YES_ERROR;
				CLANG_WARN_QUOTED_INCLUDE_IN_FRAMEWORK_HEADER = YES;
				CLANG_WARN_RANGE_LOOP_ANALYSIS = YES;
				CLANG_WARN_STRICT_PROTOTYPES = YES;
				CLANG_WARN_SUSPICIOUS_MOVE = YES;
				CLANG_WARN_UNGUARDED_AVAILABILITY = YES_AGGRESSIVE;
				CLANG_WARN_UNREACHABLE_CODE = YES;
				CLANG_WARN__DUPLICATE_METHOD_MATCH = YES;
				COPY_PHASE_STRIP = NO;
				DEBUG_INFORMATION_FORMAT = "dwarf-with-dsym";
				ENABLE_NS_ASSERTIONS = NO;
				ENABLE_STRICT_OBJC_MSGSEND = YES;
				GCC_C_LANGUAGE_STANDARD = gnu11;
				GCC_NO_COMMON_BLOCKS = YES;
				GCC_WARN_64_TO_32_BIT_CONVERSION = YES;
				GCC_WARN_ABOUT_RETURN_TYPE = YES_ERROR;
				GCC_WARN_UNDECLARED_SELECTOR = YES;
				GCC_WARN_UNINITIALIZED_AUTOS = YES_AGGRESSIVE;
				GCC_WARN_UNUSED_FUNCTION = YES;
				GCC_WARN_UNUSED_VARIABLE = YES;
				IPHONEOS_DEPLOYMENT_TARGET = 14.5;
				MTL_ENABLE_DEBUG_INFO = NO;
				MTL_FAST_MATH = YES;
				SDKROOT = iphoneos;
				SWIFT_COMPILATION_MODE = wholemodule;
				SWIFT_OPTIMIZATION_LEVEL = "-O";
				VALIDATE_PRODUCT = YES;
			};
			name = Release;
		};
		289E7B5826637A2B00CE3F70 /* Debug */ = {
			isa = XCBuildConfiguration;
			buildSettings = {
				ASSETCATALOG_COMPILER_APPICON_NAME = AppIcon;
				ASSETCATALOG_COMPILER_GLOBAL_ACCENT_COLOR_NAME = AccentColor;
				CODE_SIGN_STYLE = Automatic;
				DEVELOPMENT_TEAM = VYL5GRS47S;
				INFOPLIST_FILE = WeatherApp/SupportingFiles/Info.plist;
				LD_RUNPATH_SEARCH_PATHS = (
					"$(inherited)",
					"@executable_path/Frameworks",
				);
				PRODUCT_BUNDLE_IDENTIFIER = tsolovart.WeatherApp;
				PRODUCT_NAME = "$(TARGET_NAME)";
				SWIFT_VERSION = 5.0;
				TARGETED_DEVICE_FAMILY = "1,2";
			};
			name = Debug;
		};
		289E7B5926637A2B00CE3F70 /* Release */ = {
			isa = XCBuildConfiguration;
			buildSettings = {
				ASSETCATALOG_COMPILER_APPICON_NAME = AppIcon;
				ASSETCATALOG_COMPILER_GLOBAL_ACCENT_COLOR_NAME = AccentColor;
				CODE_SIGN_STYLE = Automatic;
				DEVELOPMENT_TEAM = VYL5GRS47S;
				"INFOPLIST_FILE[sdk=*]" = WeatherApp/SupportingFiles/Info.plist;
				LD_RUNPATH_SEARCH_PATHS = (
					"$(inherited)",
					"@executable_path/Frameworks",
				);
				PRODUCT_BUNDLE_IDENTIFIER = tsolovart.WeatherApp;
				PRODUCT_NAME = "$(TARGET_NAME)";
				SWIFT_VERSION = 5.0;
				TARGETED_DEVICE_FAMILY = "1,2";
			};
			name = Release;
		};
/* End XCBuildConfiguration section */

/* Begin XCConfigurationList section */
		289E7B3E26637A2A00CE3F70 /* Build configuration list for PBXProject "WeatherApp" */ = {
			isa = XCConfigurationList;
			buildConfigurations = (
				289E7B5526637A2B00CE3F70 /* Debug */,
				289E7B5626637A2B00CE3F70 /* Release */,
			);
			defaultConfigurationIsVisible = 0;
			defaultConfigurationName = Release;
		};
		289E7B5726637A2B00CE3F70 /* Build configuration list for PBXNativeTarget "WeatherApp" */ = {
			isa = XCConfigurationList;
			buildConfigurations = (
				289E7B5826637A2B00CE3F70 /* Debug */,
				289E7B5926637A2B00CE3F70 /* Release */,
			);
			defaultConfigurationIsVisible = 0;
			defaultConfigurationName = Release;
		};
/* End XCConfigurationList section */
	};
	rootObject = 289E7B3B26637A2A00CE3F70 /* Project object */;
}
